// !$*UTF8*$!
{
	archiveVersion = 1;
	classes = {
	};
	objectVersion = 50;
	objects = {

/* Begin PBXBuildFile section */
		766D4B92260CAD72002A5A54 /* AppDelegate.swift in Sources */ = {isa = PBXBuildFile; fileRef = 766D4B91260CAD72002A5A54 /* AppDelegate.swift */; };
		766D4B94260CAD72002A5A54 /* SceneDelegate.swift in Sources */ = {isa = PBXBuildFile; fileRef = 766D4B93260CAD72002A5A54 /* SceneDelegate.swift */; };
		766D4B96260CAD72002A5A54 /* ViewController.swift in Sources */ = {isa = PBXBuildFile; fileRef = 766D4B95260CAD72002A5A54 /* ViewController.swift */; };
		766D4B99260CAD72002A5A54 /* Main.storyboard in Resources */ = {isa = PBXBuildFile; fileRef = 766D4B97260CAD72002A5A54 /* Main.storyboard */; };
		766D4B9B260CAD75002A5A54 /* Assets.xcassets in Resources */ = {isa = PBXBuildFile; fileRef = 766D4B9A260CAD75002A5A54 /* Assets.xcassets */; };
		766D4B9E260CAD75002A5A54 /* LaunchScreen.storyboard in Resources */ = {isa = PBXBuildFile; fileRef = 766D4B9C260CAD75002A5A54 /* LaunchScreen.storyboard */; };
		766D4BA9260CAD75002A5A54 /* RealTestTests.swift in Sources */ = {isa = PBXBuildFile; fileRef = 766D4BA8260CAD75002A5A54 /* RealTestTests.swift */; };
		766D4BB4260CAD75002A5A54 /* RealTestUITests.swift in Sources */ = {isa = PBXBuildFile; fileRef = 766D4BB3260CAD75002A5A54 /* RealTestUITests.swift */; };
/* End PBXBuildFile section */

/* Begin PBXContainerItemProxy section */
		766D4BA5260CAD75002A5A54 /* PBXContainerItemProxy */ = {
			isa = PBXContainerItemProxy;
			containerPortal = 766D4B86260CAD72002A5A54 /* Project object */;
			proxyType = 1;
			remoteGlobalIDString = 766D4B8D260CAD72002A5A54;
			remoteInfo = RealTest;
		};
		766D4BB0260CAD75002A5A54 /* PBXContainerItemProxy */ = {
			isa = PBXContainerItemProxy;
			containerPortal = 766D4B86260CAD72002A5A54 /* Project object */;
			proxyType = 1;
			remoteGlobalIDString = 766D4B8D260CAD72002A5A54;
			remoteInfo = RealTest;
		};
/* End PBXContainerItemProxy section */

/* Begin PBXFileReference section */
		766D4B8E260CAD72002A5A54 /* RealTest.app */ = {isa = PBXFileReference; explicitFileType = wrapper.application; includeInIndex = 0; path = RealTest.app; sourceTree = BUILT_PRODUCTS_DIR; };
		766D4B91260CAD72002A5A54 /* AppDelegate.swift */ = {isa = PBXFileReference; lastKnownFileType = sourcecode.swift; path = AppDelegate.swift; sourceTree = "<group>"; };
		766D4B93260CAD72002A5A54 /* SceneDelegate.swift */ = {isa = PBXFileReference; lastKnownFileType = sourcecode.swift; path = SceneDelegate.swift; sourceTree = "<group>"; };
		766D4B95260CAD72002A5A54 /* ViewController.swift */ = {isa = PBXFileReference; lastKnownFileType = sourcecode.swift; path = ViewController.swift; sourceTree = "<group>"; };
		766D4B98260CAD72002A5A54 /* Base */ = {isa = PBXFileReference; lastKnownFileType = file.storyboard; name = Base; path = Base.lproj/Main.storyboard; sourceTree = "<group>"; };
		766D4B9A260CAD75002A5A54 /* Assets.xcassets */ = {isa = PBXFileReference; lastKnownFileType = folder.assetcatalog; path = Assets.xcassets; sourceTree = "<group>"; };
		766D4B9D260CAD75002A5A54 /* Base */ = {isa = PBXFileReference; lastKnownFileType = file.storyboard; name = Base; path = Base.lproj/LaunchScreen.storyboard; sourceTree = "<group>"; };
		766D4B9F260CAD75002A5A54 /* Info.plist */ = {isa = PBXFileReference; lastKnownFileType = text.plist.xml; path = Info.plist; sourceTree = "<group>"; };
		766D4BA4260CAD75002A5A54 /* RealTestTests.xctest */ = {isa = PBXFileReference; explicitFileType = wrapper.cfbundle; includeInIndex = 0; path = RealTestTests.xctest; sourceTree = BUILT_PRODUCTS_DIR; };
		766D4BA8260CAD75002A5A54 /* RealTestTests.swift */ = {isa = PBXFileReference; lastKnownFileType = sourcecode.swift; path = RealTestTests.swift; sourceTree = "<group>"; };
		766D4BAA260CAD75002A5A54 /* Info.plist */ = {isa = PBXFileReference; lastKnownFileType = text.plist.xml; path = Info.plist; sourceTree = "<group>"; };
		766D4BAF260CAD75002A5A54 /* RealTestUITests.xctest */ = {isa = PBXFileReference; explicitFileType = wrapper.cfbundle; includeInIndex = 0; path = RealTestUITests.xctest; sourceTree = BUILT_PRODUCTS_DIR; };
		766D4BB3260CAD75002A5A54 /* RealTestUITests.swift */ = {isa = PBXFileReference; lastKnownFileType = sourcecode.swift; path = RealTestUITests.swift; sourceTree = "<group>"; };
		766D4BB5260CAD75002A5A54 /* Info.plist */ = {isa = PBXFileReference; lastKnownFileType = text.plist.xml; path = Info.plist; sourceTree = "<group>"; };
/* End PBXFileReference section */

/* Begin PBXFrameworksBuildPhase section */
		766D4B8B260CAD72002A5A54 /* Frameworks */ = {
			isa = PBXFrameworksBuildPhase;
			buildActionMask = 2147483647;
			files = (
			);
			runOnlyForDeploymentPostprocessing = 0;
		};
		766D4BA1260CAD75002A5A54 /* Frameworks */ = {
			isa = PBXFrameworksBuildPhase;
			buildActionMask = 2147483647;
			files = (
			);
			runOnlyForDeploymentPostprocessing = 0;
		};
		766D4BAC260CAD75002A5A54 /* Frameworks */ = {
			isa = PBXFrameworksBuildPhase;
			buildActionMask = 2147483647;
			files = (
			);
			runOnlyForDeploymentPostprocessing = 0;
		};
/* End PBXFrameworksBuildPhase section */

/* Begin PBXGroup section */
		766D4B85260CAD72002A5A54 = {
			isa = PBXGroup;
			children = (
				766D4B90260CAD72002A5A54 /* RealTest */,
				766D4BA7260CAD75002A5A54 /* RealTestTests */,
				766D4BB2260CAD75002A5A54 /* RealTestUITests */,
				766D4B8F260CAD72002A5A54 /* Products */,
			);
			sourceTree = "<group>";
		};
		766D4B8F260CAD72002A5A54 /* Products */ = {
			isa = PBXGroup;
			children = (
				766D4B8E260CAD72002A5A54 /* RealTest.app */,
				766D4BA4260CAD75002A5A54 /* RealTestTests.xctest */,
				766D4BAF260CAD75002A5A54 /* RealTestUITests.xctest */,
			);
			name = Products;
			sourceTree = "<group>";
		};
		766D4B90260CAD72002A5A54 /* RealTest */ = {
			isa = PBXGroup;
			children = (
				766D4B91260CAD72002A5A54 /* AppDelegate.swift */,
				766D4B93260CAD72002A5A54 /* SceneDelegate.swift */,
				766D4B95260CAD72002A5A54 /* ViewController.swift */,
				766D4B97260CAD72002A5A54 /* Main.storyboard */,
				766D4B9A260CAD75002A5A54 /* Assets.xcassets */,
				766D4B9C260CAD75002A5A54 /* LaunchScreen.storyboard */,
				766D4B9F260CAD75002A5A54 /* Info.plist */,
			);
			path = RealTest;
			sourceTree = "<group>";
		};
		766D4BA7260CAD75002A5A54 /* RealTestTests */ = {
			isa = PBXGroup;
			children = (
				766D4BA8260CAD75002A5A54 /* RealTestTests.swift */,
				766D4BAA260CAD75002A5A54 /* Info.plist */,
			);
			path = RealTestTests;
			sourceTree = "<group>";
		};
		766D4BB2260CAD75002A5A54 /* RealTestUITests */ = {
			isa = PBXGroup;
			children = (
				766D4BB3260CAD75002A5A54 /* RealTestUITests.swift */,
				766D4BB5260CAD75002A5A54 /* Info.plist */,
			);
			path = RealTestUITests;
			sourceTree = "<group>";
		};
/* End PBXGroup section */

/* Begin PBXNativeTarget section */
		766D4B8D260CAD72002A5A54 /* RealTest */ = {
			isa = PBXNativeTarget;
			buildConfigurationList = 766D4BB8260CAD75002A5A54 /* Build configuration list for PBXNativeTarget "RealTest" */;
			buildPhases = (
				766D4B8A260CAD72002A5A54 /* Sources */,
				766D4B8B260CAD72002A5A54 /* Frameworks */,
				766D4B8C260CAD72002A5A54 /* Resources */,
			);
			buildRules = (
			);
			dependencies = (
			);
			name = RealTest;
			productName = RealTest;
			productReference = 766D4B8E260CAD72002A5A54 /* RealTest.app */;
			productType = "com.apple.product-type.application";
		};
		766D4BA3260CAD75002A5A54 /* RealTestTests */ = {
			isa = PBXNativeTarget;
			buildConfigurationList = 766D4BBB260CAD75002A5A54 /* Build configuration list for PBXNativeTarget "RealTestTests" */;
			buildPhases = (
				766D4BA0260CAD75002A5A54 /* Sources */,
				766D4BA1260CAD75002A5A54 /* Frameworks */,
				766D4BA2260CAD75002A5A54 /* Resources */,
			);
			buildRules = (
			);
			dependencies = (
				766D4BA6260CAD75002A5A54 /* PBXTargetDependency */,
			);
			name = RealTestTests;
			productName = RealTestTests;
			productReference = 766D4BA4260CAD75002A5A54 /* RealTestTests.xctest */;
			productType = "com.apple.product-type.bundle.unit-test";
		};
		766D4BAE260CAD75002A5A54 /* RealTestUITests */ = {
			isa = PBXNativeTarget;
			buildConfigurationList = 766D4BBE260CAD75002A5A54 /* Build configuration list for PBXNativeTarget "RealTestUITests" */;
			buildPhases = (
				766D4BAB260CAD75002A5A54 /* Sources */,
				766D4BAC260CAD75002A5A54 /* Frameworks */,
				766D4BAD260CAD75002A5A54 /* Resources */,
			);
			buildRules = (
			);
			dependencies = (
				766D4BB1260CAD75002A5A54 /* PBXTargetDependency */,
			);
			name = RealTestUITests;
			productName = RealTestUITests;
			productReference = 766D4BAF260CAD75002A5A54 /* RealTestUITests.xctest */;
			productType = "com.apple.product-type.bundle.ui-testing";
		};
/* End PBXNativeTarget section */

/* Begin PBXProject section */
		766D4B86260CAD72002A5A54 /* Project object */ = {
			isa = PBXProject;
			attributes = {
				LastSwiftUpdateCheck = 1240;
				LastUpgradeCheck = 1240;
				TargetAttributes = {
					766D4B8D260CAD72002A5A54 = {
						CreatedOnToolsVersion = 12.4;
					};
					766D4BA3260CAD75002A5A54 = {
						CreatedOnToolsVersion = 12.4;
						TestTargetID = 766D4B8D260CAD72002A5A54;
					};
					766D4BAE260CAD75002A5A54 = {
						CreatedOnToolsVersion = 12.4;
						TestTargetID = 766D4B8D260CAD72002A5A54;
					};
				};
			};
			buildConfigurationList = 766D4B89260CAD72002A5A54 /* Build configuration list for PBXProject "RealTest" */;
			compatibilityVersion = "Xcode 9.3";
			developmentRegion = en;
			hasScannedForEncodings = 0;
			knownRegions = (
				en,
				Base,
			);
			mainGroup = 766D4B85260CAD72002A5A54;
			productRefGroup = 766D4B8F260CAD72002A5A54 /* Products */;
			projectDirPath = "";
			projectRoot = "";
			targets = (
				766D4B8D260CAD72002A5A54 /* RealTest */,
				766D4BA3260CAD75002A5A54 /* RealTestTests */,
				766D4BAE260CAD75002A5A54 /* RealTestUITests */,
			);
		};
/* End PBXProject section */

/* Begin PBXResourcesBuildPhase section */
		766D4B8C260CAD72002A5A54 /* Resources */ = {
			isa = PBXResourcesBuildPhase;
			buildActionMask = 2147483647;
			files = (
				766D4B9E260CAD75002A5A54 /* LaunchScreen.storyboard in Resources */,
				766D4B9B260CAD75002A5A54 /* Assets.xcassets in Resources */,
				766D4B99260CAD72002A5A54 /* Main.storyboard in Resources */,
			);
			runOnlyForDeploymentPostprocessing = 0;
		};
		766D4BA2260CAD75002A5A54 /* Resources */ = {
			isa = PBXResourcesBuildPhase;
			buildActionMask = 2147483647;
			files = (
			);
			runOnlyForDeploymentPostprocessing = 0;
		};
		766D4BAD260CAD75002A5A54 /* Resources */ = {
			isa = PBXResourcesBuildPhase;
			buildActionMask = 2147483647;
			files = (
			);
			runOnlyForDeploymentPostprocessing = 0;
		};
/* End PBXResourcesBuildPhase section */

/* Begin PBXSourcesBuildPhase section */
		766D4B8A260CAD72002A5A54 /* Sources */ = {
			isa = PBXSourcesBuildPhase;
			buildActionMask = 2147483647;
			files = (
				766D4B96260CAD72002A5A54 /* ViewController.swift in Sources */,
				766D4B92260CAD72002A5A54 /* AppDelegate.swift in Sources */,
				766D4B94260CAD72002A5A54 /* SceneDelegate.swift in Sources */,
			);
			runOnlyForDeploymentPostprocessing = 0;
		};
		766D4BA0260CAD75002A5A54 /* Sources */ = {
			isa = PBXSourcesBuildPhase;
			buildActionMask = 2147483647;
			files = (
				766D4BA9260CAD75002A5A54 /* RealTestTests.swift in Sources */,
			);
			runOnlyForDeploymentPostprocessing = 0;
		};
		766D4BAB260CAD75002A5A54 /* Sources */ = {
			isa = PBXSourcesBuildPhase;
			buildActionMask = 2147483647;
			files = (
				766D4BB4260CAD75002A5A54 /* RealTestUITests.swift in Sources */,
			);
			runOnlyForDeploymentPostprocessing = 0;
		};
/* End PBXSourcesBuildPhase section */

/* Begin PBXTargetDependency section */
		766D4BA6260CAD75002A5A54 /* PBXTargetDependency */ = {
			isa = PBXTargetDependency;
			target = 766D4B8D260CAD72002A5A54 /* RealTest */;
			targetProxy = 766D4BA5260CAD75002A5A54 /* PBXContainerItemProxy */;
		};
		766D4BB1260CAD75002A5A54 /* PBXTargetDependency */ = {
			isa = PBXTargetDependency;
			target = 766D4B8D260CAD72002A5A54 /* RealTest */;
			targetProxy = 766D4BB0260CAD75002A5A54 /* PBXContainerItemProxy */;
		};
/* End PBXTargetDependency section */

/* Begin PBXVariantGroup section */
		766D4B97260CAD72002A5A54 /* Main.storyboard */ = {
			isa = PBXVariantGroup;
			children = (
				766D4B98260CAD72002A5A54 /* Base */,
			);
			name = Main.storyboard;
			sourceTree = "<group>";
		};
		766D4B9C260CAD75002A5A54 /* LaunchScreen.storyboard */ = {
			isa = PBXVariantGroup;
			children = (
				766D4B9D260CAD75002A5A54 /* Base */,
			);
			name = LaunchScreen.storyboard;
			sourceTree = "<group>";
		};
/* End PBXVariantGroup section */

/* Begin XCBuildConfiguration section */
		766D4BB6260CAD75002A5A54 /* Debug */ = {
			isa = XCBuildConfiguration;
			buildSettings = {
				ALWAYS_SEARCH_USER_PATHS = NO;
				CLANG_ANALYZER_NONNULL = YES;
				CLANG_ANALYZER_NUMBER_OBJECT_CONVERSION = YES_AGGRESSIVE;
				CLANG_CXX_LANGUAGE_STANDARD = "gnu++14";
				CLANG_CXX_LIBRARY = "libc++";
				CLANG_ENABLE_MODULES = YES;
				CLANG_ENABLE_OBJC_ARC = YES;
				CLANG_ENABLE_OBJC_WEAK = YES;
				CLANG_WARN_BLOCK_CAPTURE_AUTORELEASING = YES;
				CLANG_WARN_BOOL_CONVERSION = YES;
				CLANG_WARN_COMMA = YES;
				CLANG_WARN_CONSTANT_CONVERSION = YES;
				CLANG_WARN_DEPRECATED_OBJC_IMPLEMENTATIONS = YES;
				CLANG_WARN_DIRECT_OBJC_ISA_USAGE = YES_ERROR;
				CLANG_WARN_DOCUMENTATION_COMMENTS = YES;
				CLANG_WARN_EMPTY_BODY = YES;
				CLANG_WARN_ENUM_CONVERSION = YES;
				CLANG_WARN_INFINITE_RECURSION = YES;
				CLANG_WARN_INT_CONVERSION = YES;
				CLANG_WARN_NON_LITERAL_NULL_CONVERSION = YES;
				CLANG_WARN_OBJC_IMPLICIT_RETAIN_SELF = YES;
				CLANG_WARN_OBJC_LITERAL_CONVERSION = YES;
				CLANG_WARN_OBJC_ROOT_CLASS = YES_ERROR;
				CLANG_WARN_QUOTED_INCLUDE_IN_FRAMEWORK_HEADER = YES;
				CLANG_WARN_RANGE_LOOP_ANALYSIS = YES;
				CLANG_WARN_STRICT_PROTOTYPES = YES;
				CLANG_WARN_SUSPICIOUS_MOVE = YES;
				CLANG_WARN_UNGUARDED_AVAILABILITY = YES_AGGRESSIVE;
				CLANG_WARN_UNREACHABLE_CODE = YES;
				CLANG_WARN__DUPLICATE_METHOD_MATCH = YES;
				COPY_PHASE_STRIP = NO;
				DEBUG_INFORMATION_FORMAT = dwarf;
				ENABLE_STRICT_OBJC_MSGSEND = YES;
				ENABLE_TESTABILITY = YES;
				GCC_C_LANGUAGE_STANDARD = gnu11;
				GCC_DYNAMIC_NO_PIC = NO;
				GCC_NO_COMMON_BLOCKS = YES;
				GCC_OPTIMIZATION_LEVEL = 0;
				GCC_PREPROCESSOR_DEFINITIONS = (
					"DEBUG=1",
					"$(inherited)",
				);
				GCC_WARN_64_TO_32_BIT_CONVERSION = YES;
				GCC_WARN_ABOUT_RETURN_TYPE = YES_ERROR;
				GCC_WARN_UNDECLARED_SELECTOR = YES;
				GCC_WARN_UNINITIALIZED_AUTOS = YES_AGGRESSIVE;
				GCC_WARN_UNUSED_FUNCTION = YES;
				GCC_WARN_UNUSED_VARIABLE = YES;
				IPHONEOS_DEPLOYMENT_TARGET = 14.4;
				MTL_ENABLE_DEBUG_INFO = INCLUDE_SOURCE;
				MTL_FAST_MATH = YES;
				ONLY_ACTIVE_ARCH = YES;
				SDKROOT = iphoneos;
				SWIFT_ACTIVE_COMPILATION_CONDITIONS = DEBUG;
				SWIFT_OPTIMIZATION_LEVEL = "-Onone";
			};
			name = Debug;
		};
		766D4BB7260CAD75002A5A54 /* Release */ = {
			isa = XCBuildConfiguration;
			buildSettings = {
				ALWAYS_SEARCH_USER_PATHS = NO;
				CLANG_ANALYZER_NONNULL = YES;
				CLANG_ANALYZER_NUMBER_OBJECT_CONVERSION = YES_AGGRESSIVE;
				CLANG_CXX_LANGUAGE_STANDARD = "gnu++14";
				CLANG_CXX_LIBRARY = "libc++";
				CLANG_ENABLE_MODULES = YES;
				CLANG_ENABLE_OBJC_ARC = YES;
				CLANG_ENABLE_OBJC_WEAK = YES;
				CLANG_WARN_BLOCK_CAPTURE_AUTORELEASING = YES;
				CLANG_WARN_BOOL_CONVERSION = YES;
				CLANG_WARN_COMMA = YES;
				CLANG_WARN_CONSTANT_CONVERSION = YES;
				CLANG_WARN_DEPRECATED_OBJC_IMPLEMENTATIONS = YES;
				CLANG_WARN_DIRECT_OBJC_ISA_USAGE = YES_ERROR;
				CLANG_WARN_DOCUMENTATION_COMMENTS = YES;
				CLANG_WARN_EMPTY_BODY = YES;
				CLANG_WARN_ENUM_CONVERSION = YES;
				CLANG_WARN_INFINITE_RECURSION = YES;
				CLANG_WARN_INT_CONVERSION = YES;
				CLANG_WARN_NON_LITERAL_NULL_CONVERSION = YES;
				CLANG_WARN_OBJC_IMPLICIT_RETAIN_SELF = YES;
				CLANG_WARN_OBJC_LITERAL_CONVERSION = YES;
				CLANG_WARN_OBJC_ROOT_CLASS = YES_ERROR;
				CLANG_WARN_QUOTED_INCLUDE_IN_FRAMEWORK_HEADER = YES;
				CLANG_WARN_RANGE_LOOP_ANALYSIS = YES;
				CLANG_WARN_STRICT_PROTOTYPES = YES;
				CLANG_WARN_SUSPICIOUS_MOVE = YES;
				CLANG_WARN_UNGUARDED_AVAILABILITY = YES_AGGRESSIVE;
				CLANG_WARN_UNREACHABLE_CODE = YES;
				CLANG_WARN__DUPLICATE_METHOD_MATCH = YES;
				COPY_PHASE_STRIP = NO;
				DEBUG_INFORMATION_FORMAT = "dwarf-with-dsym";
				ENABLE_NS_ASSERTIONS = NO;
				ENABLE_STRICT_OBJC_MSGSEND = YES;
				GCC_C_LANGUAGE_STANDARD = gnu11;
				GCC_NO_COMMON_BLOCKS = YES;
				GCC_WARN_64_TO_32_BIT_CONVERSION = YES;
				GCC_WARN_ABOUT_RETURN_TYPE = YES_ERROR;
				GCC_WARN_UNDECLARED_SELECTOR = YES;
				GCC_WARN_UNINITIALIZED_AUTOS = YES_AGGRESSIVE;
				GCC_WARN_UNUSED_FUNCTION = YES;
				GCC_WARN_UNUSED_VARIABLE = YES;
				IPHONEOS_DEPLOYMENT_TARGET = 14.4;
				MTL_ENABLE_DEBUG_INFO = NO;
				MTL_FAST_MATH = YES;
				SDKROOT = iphoneos;
				SWIFT_COMPILATION_MODE = wholemodule;
				SWIFT_OPTIMIZATION_LEVEL = "-O";
				VALIDATE_PRODUCT = YES;
			};
			name = Release;
		};
		766D4BB9260CAD75002A5A54 /* Debug */ = {
			isa = XCBuildConfiguration;
			buildSettings = {
				ASSETCATALOG_COMPILER_APPICON_NAME = AppIcon;
				ASSETCATALOG_COMPILER_GLOBAL_ACCENT_COLOR_NAME = AccentColor;
				CODE_SIGN_STYLE = Automatic;
				INFOPLIST_FILE = RealTest/Info.plist;
				LD_RUNPATH_SEARCH_PATHS = (
					"$(inherited)",
					"@executable_path/Frameworks",
				);
				PRODUCT_BUNDLE_IDENTIFIER = abuzaitoun.RealTest;
				PRODUCT_NAME = "$(TARGET_NAME)";
				SWIFT_VERSION = 5.0;
				TARGETED_DEVICE_FAMILY = "1,2";
			};
			name = Debug;
		};
		766D4BBA260CAD75002A5A54 /* Release */ = {
			isa = XCBuildConfiguration;
			buildSettings = {
				ASSETCATALOG_COMPILER_APPICON_NAME = AppIcon;
				ASSETCATALOG_COMPILER_GLOBAL_ACCENT_COLOR_NAME = AccentColor;
				CODE_SIGN_STYLE = Automatic;
				INFOPLIST_FILE = RealTest/Info.plist;
				LD_RUNPATH_SEARCH_PATHS = (
					"$(inherited)",
					"@executable_path/Frameworks",
				);
				PRODUCT_BUNDLE_IDENTIFIER = abuzaitoun.RealTest;
				PRODUCT_NAME = "$(TARGET_NAME)";
				SWIFT_VERSION = 5.0;
				TARGETED_DEVICE_FAMILY = "1,2";
			};
			name = Release;
		};
		766D4BBC260CAD75002A5A54 /* Debug */ = {
			isa = XCBuildConfiguration;
			buildSettings = {
				ALWAYS_EMBED_SWIFT_STANDARD_LIBRARIES = YES;
				BUNDLE_LOADER = "$(TEST_HOST)";
				CODE_SIGN_STYLE = Automatic;
				INFOPLIST_FILE = RealTestTests/Info.plist;
				IPHONEOS_DEPLOYMENT_TARGET = 14.4;
				LD_RUNPATH_SEARCH_PATHS = (
					"$(inherited)",
					"@executable_path/Frameworks",
					"@loader_path/Frameworks",
				);
				PRODUCT_BUNDLE_IDENTIFIER = abuzaitoun.RealTestTests;
				PRODUCT_NAME = "$(TARGET_NAME)";
				SWIFT_VERSION = 5.0;
				TARGETED_DEVICE_FAMILY = "1,2";
				TEST_HOST = "$(BUILT_PRODUCTS_DIR)/RealTest.app/RealTest";
			};
			name = Debug;
		};
		766D4BBD260CAD75002A5A54 /* Release */ = {
			isa = XCBuildConfiguration;
			buildSettings = {
				ALWAYS_EMBED_SWIFT_STANDARD_LIBRARIES = YES;
				BUNDLE_LOADER = "$(TEST_HOST)";
				CODE_SIGN_STYLE = Automatic;
				INFOPLIST_FILE = RealTestTests/Info.plist;
				IPHONEOS_DEPLOYMENT_TARGET = 14.4;
				LD_RUNPATH_SEARCH_PATHS = (
					"$(inherited)",
					"@executable_path/Frameworks",
					"@loader_path/Frameworks",
				);
				PRODUCT_BUNDLE_IDENTIFIER = abuzaitoun.RealTestTests;
				PRODUCT_NAME = "$(TARGET_NAME)";
				SWIFT_VERSION = 5.0;
				TARGETED_DEVICE_FAMILY = "1,2";
				TEST_HOST = "$(BUILT_PRODUCTS_DIR)/RealTest.app/RealTest";
			};
			name = Release;
		};
		766D4BBF260CAD75002A5A54 /* Debug */ = {
			isa = XCBuildConfiguration;
			buildSettings = {
				ALWAYS_EMBED_SWIFT_STANDARD_LIBRARIES = YES;
				CODE_SIGN_STYLE = Automatic;
				INFOPLIST_FILE = RealTestUITests/Info.plist;
				LD_RUNPATH_SEARCH_PATHS = (
					"$(inherited)",
					"@executable_path/Frameworks",
					"@loader_path/Frameworks",
				);
				PRODUCT_BUNDLE_IDENTIFIER = abuzaitoun.RealTestUITests;
				PRODUCT_NAME = "$(TARGET_NAME)";
				SWIFT_VERSION = 5.0;
				TARGETED_DEVICE_FAMILY = "1,2";
				TEST_TARGET_NAME = RealTest;
			};
			name = Debug;
		};
		766D4BC0260CAD75002A5A54 /* Release */ = {
			isa = XCBuildConfiguration;
			buildSettings = {
				ALWAYS_EMBED_SWIFT_STANDARD_LIBRARIES = YES;
				CODE_SIGN_STYLE = Automatic;
				INFOPLIST_FILE = RealTestUITests/Info.plist;
				LD_RUNPATH_SEARCH_PATHS = (
					"$(inherited)",
					"@executable_path/Frameworks",
					"@loader_path/Frameworks",
				);
				PRODUCT_BUNDLE_IDENTIFIER = abuzaitoun.RealTestUITests;
				PRODUCT_NAME = "$(TARGET_NAME)";
				SWIFT_VERSION = 5.0;
				TARGETED_DEVICE_FAMILY = "1,2";
				TEST_TARGET_NAME = RealTest;
			};
			name = Release;
		};
/* End XCBuildConfiguration section */

/* Begin XCConfigurationList section */
		766D4B89260CAD72002A5A54 /* Build configuration list for PBXProject "RealTest" */ = {
			isa = XCConfigurationList;
			buildConfigurations = (
				766D4BB6260CAD75002A5A54 /* Debug */,
				766D4BB7260CAD75002A5A54 /* Release */,
			);
			defaultConfigurationIsVisible = 0;
			defaultConfigurationName = Release;
		};
		766D4BB8260CAD75002A5A54 /* Build configuration list for PBXNativeTarget "RealTest" */ = {
			isa = XCConfigurationList;
			buildConfigurations = (
				766D4BB9260CAD75002A5A54 /* Debug */,
				766D4BBA260CAD75002A5A54 /* Release */,
			);
			defaultConfigurationIsVisible = 0;
			defaultConfigurationName = Release;
		};
		766D4BBB260CAD75002A5A54 /* Build configuration list for PBXNativeTarget "RealTestTests" */ = {
			isa = XCConfigurationList;
			buildConfigurations = (
				766D4BBC260CAD75002A5A54 /* Debug */,
				766D4BBD260CAD75002A5A54 /* Release */,
			);
			defaultConfigurationIsVisible = 0;
			defaultConfigurationName = Release;
		};
		766D4BBE260CAD75002A5A54 /* Build configuration list for PBXNativeTarget "RealTestUITests" */ = {
			isa = XCConfigurationList;
			buildConfigurations = (
				766D4BBF260CAD75002A5A54 /* Debug */,
				766D4BC0260CAD75002A5A54 /* Release */,
			);
			defaultConfigurationIsVisible = 0;
			defaultConfigurationName = Release;
		};
/* End XCConfigurationList section */
	};
	rootObject = 766D4B86260CAD72002A5A54 /* Project object */;
}
